// !$*UTF8*$!
{
	archiveVersion = 1;
	classes = {
	};
	objectVersion = 56;
	objects = {

/* Begin PBXBuildFile section */
		CD0532D92BB1A39600275D73 /* ExhibitionPosterView.swift in Sources */ = {isa = PBXBuildFile; fileRef = CD0532D82BB1A39600275D73 /* ExhibitionPosterView.swift */; };
		CD12FBF32AFE463300251E86 /* ProfileViewModel.swift in Sources */ = {isa = PBXBuildFile; fileRef = CD12FBF22AFE463300251E86 /* ProfileViewModel.swift */; };
		CD133FEF2BE12BC100E6BDB6 /* ExhibitionCellViewBuilder.swift in Sources */ = {isa = PBXBuildFile; fileRef = CD133FEE2BE12BC100E6BDB6 /* ExhibitionCellViewBuilder.swift */; };
		CD1602902B0E389B00E20783 /* AddExhibitionSecondView.swift in Sources */ = {isa = PBXBuildFile; fileRef = CD16028F2B0E389B00E20783 /* AddExhibitionSecondView.swift */; };
		CD1DC1BB2C3D7174004D8617 /* GoogleMaps in Frameworks */ = {isa = PBXBuildFile; productRef = CD1DC1BA2C3D7174004D8617 /* GoogleMaps */; };
		CD35AB9B2C3DAC1500F54B0B /* GoogleService-Info.plist in Resources */ = {isa = PBXBuildFile; fileRef = CD35AB9A2C3DAC1500F54B0B /* GoogleService-Info.plist */; };
		CD36549F2BBEC11B001A01FC /* Extensions+Query.swift in Sources */ = {isa = PBXBuildFile; fileRef = CD36549E2BBEC11B001A01FC /* Extensions+Query.swift */; };
		CD43EB1E2C3DA02C006DA03A /* GooglePlaces in Frameworks */ = {isa = PBXBuildFile; productRef = CD43EB1D2C3DA02C006DA03A /* GooglePlaces */; };
		CD4D0BDA2BEE662D006EE049 /* ExhibitionViewModel.swift in Sources */ = {isa = PBXBuildFile; fileRef = CD4D0BD92BEE662D006EE049 /* ExhibitionViewModel.swift */; };
		CD4D0BDD2BEE6703006EE049 /* MyExhibitionViewModel.swift in Sources */ = {isa = PBXBuildFile; fileRef = CD4D0BDC2BEE6703006EE049 /* MyExhibitionViewModel.swift */; };
		CD60DB9F2C4524980018BE95 /* AdSupport.framework in Frameworks */ = {isa = PBXBuildFile; fileRef = CD60DB9E2C4524980018BE95 /* AdSupport.framework */; };
		CD60DBA52C4555250018BE95 /* GooglePlacesManager.swift in Sources */ = {isa = PBXBuildFile; fileRef = CD60DBA42C4555250018BE95 /* GooglePlacesManager.swift */; };
		CD60DBA72C4555790018BE95 /* GoogleAddressSearchView.swift in Sources */ = {isa = PBXBuildFile; fileRef = CD60DBA62C4555790018BE95 /* GoogleAddressSearchView.swift */; };
		CD6954BD2AEFE88900312907 /* StorageManager.swift in Sources */ = {isa = PBXBuildFile; fileRef = CD6954BC2AEFE88900312907 /* StorageManager.swift */; };
		CD6954BF2AEFEC5500312907 /* ExhibitionManager.swift in Sources */ = {isa = PBXBuildFile; fileRef = CD6954BE2AEFEC5500312907 /* ExhibitionManager.swift */; };
		CD6954C52AF3CE8000312907 /* ExhibitionDetailView.swift in Sources */ = {isa = PBXBuildFile; fileRef = CD6954C42AF3CE7F00312907 /* ExhibitionDetailView.swift */; };
		CD6954C72AF3E26600312907 /* ExhibitionCellView.swift in Sources */ = {isa = PBXBuildFile; fileRef = CD6954C62AF3E26600312907 /* ExhibitionCellView.swift */; };
		CD6954EB2AF41FCC00312907 /* Objectivity-Bold.otf in Resources */ = {isa = PBXBuildFile; fileRef = CD6954CB2AF41FCA00312907 /* Objectivity-Bold.otf */; };
		CD6954ED2AF41FCC00312907 /* Objectivity-Regular.otf in Resources */ = {isa = PBXBuildFile; fileRef = CD6954CD2AF41FCA00312907 /* Objectivity-Regular.otf */; };
		CD6954F42AF41FCC00312907 /* Objectivity-Black.otf in Resources */ = {isa = PBXBuildFile; fileRef = CD6954D42AF41FCA00312907 /* Objectivity-Black.otf */; };
		CD6954F62AF41FCC00312907 /* Objectivity-Light.otf in Resources */ = {isa = PBXBuildFile; fileRef = CD6954D62AF41FCA00312907 /* Objectivity-Light.otf */; };
		CD6954F92AF41FCC00312907 /* Objectivity-Super.otf in Resources */ = {isa = PBXBuildFile; fileRef = CD6954D92AF41FCB00312907 /* Objectivity-Super.otf */; };
		CD6954FA2AF41FCC00312907 /* Objectivity-Thin.otf in Resources */ = {isa = PBXBuildFile; fileRef = CD6954DA2AF41FCB00312907 /* Objectivity-Thin.otf */; };
		CD6954FD2AF41FCC00312907 /* Objectivity-ExtraBold.otf in Resources */ = {isa = PBXBuildFile; fileRef = CD6954DD2AF41FCB00312907 /* Objectivity-ExtraBold.otf */; };
		CD6955062AF41FCC00312907 /* Objectivity-Medium.otf in Resources */ = {isa = PBXBuildFile; fileRef = CD6954E62AF41FCC00312907 /* Objectivity-Medium.otf */; };
		CD6FDBF92B0518EC00586B48 /* ProfileCellView.swift in Sources */ = {isa = PBXBuildFile; fileRef = CD6FDBF82B0518EC00586B48 /* ProfileCellView.swift */; };
		CD6FDBFB2B05641600586B48 /* ProfileEditView.swift in Sources */ = {isa = PBXBuildFile; fileRef = CD6FDBFA2B05641600586B48 /* ProfileEditView.swift */; };
		CD848F9F2B30BA1F0015FA57 /* AddExhibitionFirstView.swift in Sources */ = {isa = PBXBuildFile; fileRef = CD848F9E2B30BA1F0015FA57 /* AddExhibitionFirstView.swift */; };
		CD8CD7E32BDFCB3000855E0B /* MyExhibitionsView.swift in Sources */ = {isa = PBXBuildFile; fileRef = CD8CD7E22BDFCB3000855E0B /* MyExhibitionsView.swift */; };
		CD92A7632ADACB4000C588E5 /* SignInAppleHelper.swift in Sources */ = {isa = PBXBuildFile; fileRef = CD92A7622ADACB4000C588E5 /* SignInAppleHelper.swift */; };
		CD9316372AD6C985004F2868 /* OurArtApp.swift in Sources */ = {isa = PBXBuildFile; fileRef = CD9316362AD6C985004F2868 /* OurArtApp.swift */; };
		CD9316392AD6C985004F2868 /* ContentView.swift in Sources */ = {isa = PBXBuildFile; fileRef = CD9316382AD6C985004F2868 /* ContentView.swift */; };
		CD93163B2AD6C987004F2868 /* Assets.xcassets in Resources */ = {isa = PBXBuildFile; fileRef = CD93163A2AD6C987004F2868 /* Assets.xcassets */; };
		CD93163F2AD6C987004F2868 /* Preview Assets.xcassets in Resources */ = {isa = PBXBuildFile; fileRef = CD93163E2AD6C987004F2868 /* Preview Assets.xcassets */; };
		CD9316492AD6D081004F2868 /* FirebaseAnalytics in Frameworks */ = {isa = PBXBuildFile; productRef = CD9316482AD6D081004F2868 /* FirebaseAnalytics */; };
		CD93164B2AD6D081004F2868 /* FirebaseAnalyticsOnDeviceConversion in Frameworks */ = {isa = PBXBuildFile; productRef = CD93164A2AD6D081004F2868 /* FirebaseAnalyticsOnDeviceConversion */; };
		CD93164D2AD6D081004F2868 /* FirebaseAnalyticsSwift in Frameworks */ = {isa = PBXBuildFile; productRef = CD93164C2AD6D081004F2868 /* FirebaseAnalyticsSwift */; };
		CD93164F2AD6D081004F2868 /* FirebaseAnalyticsWithoutAdIdSupport in Frameworks */ = {isa = PBXBuildFile; productRef = CD93164E2AD6D081004F2868 /* FirebaseAnalyticsWithoutAdIdSupport */; };
		CD9316532AD6D081004F2868 /* FirebaseAppDistribution-Beta in Frameworks */ = {isa = PBXBuildFile; productRef = CD9316522AD6D081004F2868 /* FirebaseAppDistribution-Beta */; };
		CD9316552AD6D081004F2868 /* FirebaseAuth in Frameworks */ = {isa = PBXBuildFile; productRef = CD9316542AD6D081004F2868 /* FirebaseAuth */; };
		CD9316572AD6D081004F2868 /* FirebaseAuthCombine-Community in Frameworks */ = {isa = PBXBuildFile; productRef = CD9316562AD6D081004F2868 /* FirebaseAuthCombine-Community */; };
		CD9316592AD6D081004F2868 /* FirebaseCrashlytics in Frameworks */ = {isa = PBXBuildFile; productRef = CD9316582AD6D081004F2868 /* FirebaseCrashlytics */; };
		CD93165B2AD6D081004F2868 /* FirebaseDatabase in Frameworks */ = {isa = PBXBuildFile; productRef = CD93165A2AD6D081004F2868 /* FirebaseDatabase */; };
		CD93165D2AD6D081004F2868 /* FirebaseDatabaseSwift in Frameworks */ = {isa = PBXBuildFile; productRef = CD93165C2AD6D081004F2868 /* FirebaseDatabaseSwift */; };
		CD93165F2AD6D081004F2868 /* FirebaseDynamicLinks in Frameworks */ = {isa = PBXBuildFile; productRef = CD93165E2AD6D081004F2868 /* FirebaseDynamicLinks */; };
		CD9316612AD6D081004F2868 /* FirebaseFirestore in Frameworks */ = {isa = PBXBuildFile; productRef = CD9316602AD6D081004F2868 /* FirebaseFirestore */; };
		CD9316632AD6D081004F2868 /* FirebaseFirestoreCombine-Community in Frameworks */ = {isa = PBXBuildFile; productRef = CD9316622AD6D081004F2868 /* FirebaseFirestoreCombine-Community */; };
		CD9316652AD6D081004F2868 /* FirebaseFirestoreSwift in Frameworks */ = {isa = PBXBuildFile; productRef = CD9316642AD6D081004F2868 /* FirebaseFirestoreSwift */; };
		CD9316672AD6D081004F2868 /* FirebaseFunctions in Frameworks */ = {isa = PBXBuildFile; productRef = CD9316662AD6D081004F2868 /* FirebaseFunctions */; };
		CD9316692AD6D081004F2868 /* FirebaseFunctionsCombine-Community in Frameworks */ = {isa = PBXBuildFile; productRef = CD9316682AD6D081004F2868 /* FirebaseFunctionsCombine-Community */; };
		CD93166B2AD6D081004F2868 /* FirebaseInAppMessaging-Beta in Frameworks */ = {isa = PBXBuildFile; productRef = CD93166A2AD6D081004F2868 /* FirebaseInAppMessaging-Beta */; };
		CD93166D2AD6D081004F2868 /* FirebaseInAppMessagingSwift-Beta in Frameworks */ = {isa = PBXBuildFile; productRef = CD93166C2AD6D081004F2868 /* FirebaseInAppMessagingSwift-Beta */; };
		CD93166F2AD6D081004F2868 /* FirebaseInstallations in Frameworks */ = {isa = PBXBuildFile; productRef = CD93166E2AD6D081004F2868 /* FirebaseInstallations */; };
		CD9316712AD6D081004F2868 /* FirebaseMLModelDownloader in Frameworks */ = {isa = PBXBuildFile; productRef = CD9316702AD6D081004F2868 /* FirebaseMLModelDownloader */; };
		CD9316732AD6D081004F2868 /* FirebaseMessaging in Frameworks */ = {isa = PBXBuildFile; productRef = CD9316722AD6D081004F2868 /* FirebaseMessaging */; };
		CD9316752AD6D081004F2868 /* FirebasePerformance in Frameworks */ = {isa = PBXBuildFile; productRef = CD9316742AD6D081004F2868 /* FirebasePerformance */; };
		CD9316772AD6D081004F2868 /* FirebaseRemoteConfig in Frameworks */ = {isa = PBXBuildFile; productRef = CD9316762AD6D081004F2868 /* FirebaseRemoteConfig */; };
		CD9316792AD6D081004F2868 /* FirebaseRemoteConfigSwift in Frameworks */ = {isa = PBXBuildFile; productRef = CD9316782AD6D081004F2868 /* FirebaseRemoteConfigSwift */; };
		CD93167B2AD6D081004F2868 /* FirebaseStorage in Frameworks */ = {isa = PBXBuildFile; productRef = CD93167A2AD6D081004F2868 /* FirebaseStorage */; };
		CD93167D2AD6D081004F2868 /* FirebaseStorageCombine-Community in Frameworks */ = {isa = PBXBuildFile; productRef = CD93167C2AD6D081004F2868 /* FirebaseStorageCombine-Community */; };
		CD9316802AD812AC004F2868 /* HomeScreen.swift in Sources */ = {isa = PBXBuildFile; fileRef = CD93167F2AD812AC004F2868 /* HomeScreen.swift */; };
		CD9316832AD812D2004F2868 /* ListScreen.swift in Sources */ = {isa = PBXBuildFile; fileRef = CD9316822AD812D2004F2868 /* ListScreen.swift */; };
		CD9316852AD812E7004F2868 /* SettingsScreen.swift in Sources */ = {isa = PBXBuildFile; fileRef = CD9316842AD812E7004F2868 /* SettingsScreen.swift */; };
		CD9316882AD8191E004F2868 /* AuthenticationView.swift in Sources */ = {isa = PBXBuildFile; fileRef = CD9316872AD8191E004F2868 /* AuthenticationView.swift */; };
		CD93168A2AD81D27004F2868 /* SignInEmailView.swift in Sources */ = {isa = PBXBuildFile; fileRef = CD9316892AD81D27004F2868 /* SignInEmailView.swift */; };
		CD93168C2AD8225E004F2868 /* AuthenticationManager.swift in Sources */ = {isa = PBXBuildFile; fileRef = CD93168B2AD8225E004F2868 /* AuthenticationManager.swift */; };
		CD93168E2AD8300F004F2868 /* RootView.swift in Sources */ = {isa = PBXBuildFile; fileRef = CD93168D2AD8300F004F2868 /* RootView.swift */; };
		CD9316922AD970B1004F2868 /* GoogleSignIn in Frameworks */ = {isa = PBXBuildFile; productRef = CD9316912AD970B1004F2868 /* GoogleSignIn */; };
		CD9316942AD970B1004F2868 /* GoogleSignInSwift in Frameworks */ = {isa = PBXBuildFile; productRef = CD9316932AD970B1004F2868 /* GoogleSignInSwift */; };
		CD93169A2AD974F2004F2868 /* Modifiers.swift in Sources */ = {isa = PBXBuildFile; fileRef = CD9316992AD974F2004F2868 /* Modifiers.swift */; };
		CD9316A22AD989E2004F2868 /* Utilities.swift in Sources */ = {isa = PBXBuildFile; fileRef = CD9316A12AD989E1004F2868 /* Utilities.swift */; };
		CD9316A52AD99342004F2868 /* SignInGoogleHelper.swift in Sources */ = {isa = PBXBuildFile; fileRef = CD9316A42AD99342004F2868 /* SignInGoogleHelper.swift */; };
		CD9350B82BF3979A003BF760 /* EditMyExhibitionView.swift in Sources */ = {isa = PBXBuildFile; fileRef = CD9350B72BF3979A003BF760 /* EditMyExhibitionView.swift */; };
		CDD90B6E2C551F6600320330 /* AddressSearchViewModel.swift in Sources */ = {isa = PBXBuildFile; fileRef = CDD90B6D2C551F6600320330 /* AddressSearchViewModel.swift */; };
		CDD90B702C551FBE00320330 /* AddressSearchView.swift in Sources */ = {isa = PBXBuildFile; fileRef = CDD90B6F2C551FBE00320330 /* AddressSearchView.swift */; };
		CDDED7A02AE1B8A100150F87 /* SettignsViewModel.swift in Sources */ = {isa = PBXBuildFile; fileRef = CDDED79F2AE1B8A100150F87 /* SettignsViewModel.swift */; };
		CDDED7A22AE1B8F200150F87 /* AuthenticationViewModel.swift in Sources */ = {isa = PBXBuildFile; fileRef = CDDED7A12AE1B8F200150F87 /* AuthenticationViewModel.swift */; };
		CDDED7A42AE1B93D00150F87 /* SignInEmailViewModel.swift in Sources */ = {isa = PBXBuildFile; fileRef = CDDED7A32AE1B93C00150F87 /* SignInEmailViewModel.swift */; };
		CDDED7AA2AE1BA9200150F87 /* ProfileView.swift in Sources */ = {isa = PBXBuildFile; fileRef = CDDED7A92AE1BA9200150F87 /* ProfileView.swift */; };
		CDDED7AC2AE1BF7300150F87 /* UserManager.swift in Sources */ = {isa = PBXBuildFile; fileRef = CDDED7AB2AE1BF7300150F87 /* UserManager.swift */; };
/* End PBXBuildFile section */

/* Begin PBXFileReference section */
		CD0532D82BB1A39600275D73 /* ExhibitionPosterView.swift */ = {isa = PBXFileReference; lastKnownFileType = sourcecode.swift; path = ExhibitionPosterView.swift; sourceTree = "<group>"; };
		CD12FBF22AFE463300251E86 /* ProfileViewModel.swift */ = {isa = PBXFileReference; lastKnownFileType = sourcecode.swift; path = ProfileViewModel.swift; sourceTree = "<group>"; };
		CD133FEE2BE12BC100E6BDB6 /* ExhibitionCellViewBuilder.swift */ = {isa = PBXFileReference; lastKnownFileType = sourcecode.swift; path = ExhibitionCellViewBuilder.swift; sourceTree = "<group>"; };
		CD16028F2B0E389B00E20783 /* AddExhibitionSecondView.swift */ = {isa = PBXFileReference; lastKnownFileType = sourcecode.swift; path = AddExhibitionSecondView.swift; sourceTree = "<group>"; };
		CD35AB9A2C3DAC1500F54B0B /* GoogleService-Info.plist */ = {isa = PBXFileReference; fileEncoding = 4; lastKnownFileType = text.plist.xml; path = "GoogleService-Info.plist"; sourceTree = "<group>"; };
		CD36549E2BBEC11B001A01FC /* Extensions+Query.swift */ = {isa = PBXFileReference; lastKnownFileType = sourcecode.swift; path = "Extensions+Query.swift"; sourceTree = "<group>"; };
		CD4D0BD92BEE662D006EE049 /* ExhibitionViewModel.swift */ = {isa = PBXFileReference; lastKnownFileType = sourcecode.swift; path = ExhibitionViewModel.swift; sourceTree = "<group>"; };
		CD4D0BDC2BEE6703006EE049 /* MyExhibitionViewModel.swift */ = {isa = PBXFileReference; lastKnownFileType = sourcecode.swift; path = MyExhibitionViewModel.swift; sourceTree = "<group>"; };
		CD60DB9E2C4524980018BE95 /* AdSupport.framework */ = {isa = PBXFileReference; lastKnownFileType = wrapper.framework; name = AdSupport.framework; path = Platforms/iPhoneOS.platform/Developer/SDKs/iPhoneOS17.5.sdk/System/Library/Frameworks/AdSupport.framework; sourceTree = DEVELOPER_DIR; };
		CD60DBA42C4555250018BE95 /* GooglePlacesManager.swift */ = {isa = PBXFileReference; lastKnownFileType = sourcecode.swift; path = GooglePlacesManager.swift; sourceTree = "<group>"; };
		CD60DBA62C4555790018BE95 /* GoogleAddressSearchView.swift */ = {isa = PBXFileReference; lastKnownFileType = sourcecode.swift; path = GoogleAddressSearchView.swift; sourceTree = "<group>"; };
		CD6954BC2AEFE88900312907 /* StorageManager.swift */ = {isa = PBXFileReference; lastKnownFileType = sourcecode.swift; path = StorageManager.swift; sourceTree = "<group>"; };
		CD6954BE2AEFEC5500312907 /* ExhibitionManager.swift */ = {isa = PBXFileReference; lastKnownFileType = sourcecode.swift; path = ExhibitionManager.swift; sourceTree = "<group>"; };
		CD6954C42AF3CE7F00312907 /* ExhibitionDetailView.swift */ = {isa = PBXFileReference; lastKnownFileType = sourcecode.swift; path = ExhibitionDetailView.swift; sourceTree = "<group>"; };
		CD6954C62AF3E26600312907 /* ExhibitionCellView.swift */ = {isa = PBXFileReference; lastKnownFileType = sourcecode.swift; path = ExhibitionCellView.swift; sourceTree = "<group>"; };
		CD6954CB2AF41FCA00312907 /* Objectivity-Bold.otf */ = {isa = PBXFileReference; lastKnownFileType = file; path = "Objectivity-Bold.otf"; sourceTree = "<group>"; };
		CD6954CD2AF41FCA00312907 /* Objectivity-Regular.otf */ = {isa = PBXFileReference; lastKnownFileType = file; path = "Objectivity-Regular.otf"; sourceTree = "<group>"; };
		CD6954D42AF41FCA00312907 /* Objectivity-Black.otf */ = {isa = PBXFileReference; lastKnownFileType = file; path = "Objectivity-Black.otf"; sourceTree = "<group>"; };
		CD6954D62AF41FCA00312907 /* Objectivity-Light.otf */ = {isa = PBXFileReference; lastKnownFileType = file; path = "Objectivity-Light.otf"; sourceTree = "<group>"; };
		CD6954D92AF41FCB00312907 /* Objectivity-Super.otf */ = {isa = PBXFileReference; lastKnownFileType = file; path = "Objectivity-Super.otf"; sourceTree = "<group>"; };
		CD6954DA2AF41FCB00312907 /* Objectivity-Thin.otf */ = {isa = PBXFileReference; lastKnownFileType = file; path = "Objectivity-Thin.otf"; sourceTree = "<group>"; };
		CD6954DD2AF41FCB00312907 /* Objectivity-ExtraBold.otf */ = {isa = PBXFileReference; lastKnownFileType = file; path = "Objectivity-ExtraBold.otf"; sourceTree = "<group>"; };
		CD6954E62AF41FCC00312907 /* Objectivity-Medium.otf */ = {isa = PBXFileReference; lastKnownFileType = file; path = "Objectivity-Medium.otf"; sourceTree = "<group>"; };
		CD6FDBF82B0518EC00586B48 /* ProfileCellView.swift */ = {isa = PBXFileReference; lastKnownFileType = sourcecode.swift; path = ProfileCellView.swift; sourceTree = "<group>"; };
		CD6FDBFA2B05641600586B48 /* ProfileEditView.swift */ = {isa = PBXFileReference; lastKnownFileType = sourcecode.swift; path = ProfileEditView.swift; sourceTree = "<group>"; };
		CD848F9E2B30BA1F0015FA57 /* AddExhibitionFirstView.swift */ = {isa = PBXFileReference; lastKnownFileType = sourcecode.swift; path = AddExhibitionFirstView.swift; sourceTree = "<group>"; };
		CD8CD7E22BDFCB3000855E0B /* MyExhibitionsView.swift */ = {isa = PBXFileReference; lastKnownFileType = sourcecode.swift; path = MyExhibitionsView.swift; sourceTree = "<group>"; };
		CD92A7622ADACB4000C588E5 /* SignInAppleHelper.swift */ = {isa = PBXFileReference; lastKnownFileType = sourcecode.swift; path = SignInAppleHelper.swift; sourceTree = "<group>"; };
		CD9316332AD6C985004F2868 /* OurArt.app */ = {isa = PBXFileReference; explicitFileType = wrapper.application; includeInIndex = 0; path = OurArt.app; sourceTree = BUILT_PRODUCTS_DIR; };
		CD9316362AD6C985004F2868 /* OurArtApp.swift */ = {isa = PBXFileReference; lastKnownFileType = sourcecode.swift; path = OurArtApp.swift; sourceTree = "<group>"; };
		CD9316382AD6C985004F2868 /* ContentView.swift */ = {isa = PBXFileReference; lastKnownFileType = sourcecode.swift; path = ContentView.swift; sourceTree = "<group>"; };
		CD93163A2AD6C987004F2868 /* Assets.xcassets */ = {isa = PBXFileReference; lastKnownFileType = folder.assetcatalog; path = Assets.xcassets; sourceTree = "<group>"; };
		CD93163C2AD6C987004F2868 /* OurArt.entitlements */ = {isa = PBXFileReference; lastKnownFileType = text.plist.entitlements; path = OurArt.entitlements; sourceTree = "<group>"; };
		CD93163E2AD6C987004F2868 /* Preview Assets.xcassets */ = {isa = PBXFileReference; lastKnownFileType = folder.assetcatalog; path = "Preview Assets.xcassets"; sourceTree = "<group>"; };
		CD93167F2AD812AC004F2868 /* HomeScreen.swift */ = {isa = PBXFileReference; lastKnownFileType = sourcecode.swift; path = HomeScreen.swift; sourceTree = "<group>"; };
		CD9316822AD812D2004F2868 /* ListScreen.swift */ = {isa = PBXFileReference; lastKnownFileType = sourcecode.swift; path = ListScreen.swift; sourceTree = "<group>"; };
		CD9316842AD812E7004F2868 /* SettingsScreen.swift */ = {isa = PBXFileReference; lastKnownFileType = sourcecode.swift; path = SettingsScreen.swift; sourceTree = "<group>"; };
		CD9316872AD8191E004F2868 /* AuthenticationView.swift */ = {isa = PBXFileReference; lastKnownFileType = sourcecode.swift; path = AuthenticationView.swift; sourceTree = "<group>"; };
		CD9316892AD81D27004F2868 /* SignInEmailView.swift */ = {isa = PBXFileReference; lastKnownFileType = sourcecode.swift; path = SignInEmailView.swift; sourceTree = "<group>"; };
		CD93168B2AD8225E004F2868 /* AuthenticationManager.swift */ = {isa = PBXFileReference; lastKnownFileType = sourcecode.swift; path = AuthenticationManager.swift; sourceTree = "<group>"; };
		CD93168D2AD8300F004F2868 /* RootView.swift */ = {isa = PBXFileReference; lastKnownFileType = sourcecode.swift; path = RootView.swift; sourceTree = "<group>"; };
		CD9316952AD97127004F2868 /* Info.plist */ = {isa = PBXFileReference; lastKnownFileType = text.plist; path = Info.plist; sourceTree = "<group>"; };
		CD9316992AD974F2004F2868 /* Modifiers.swift */ = {isa = PBXFileReference; lastKnownFileType = sourcecode.swift; path = Modifiers.swift; sourceTree = "<group>"; };
		CD9316A12AD989E1004F2868 /* Utilities.swift */ = {isa = PBXFileReference; lastKnownFileType = sourcecode.swift; path = Utilities.swift; sourceTree = "<group>"; };
		CD9316A42AD99342004F2868 /* SignInGoogleHelper.swift */ = {isa = PBXFileReference; lastKnownFileType = sourcecode.swift; path = SignInGoogleHelper.swift; sourceTree = "<group>"; };
		CD9350B72BF3979A003BF760 /* EditMyExhibitionView.swift */ = {isa = PBXFileReference; lastKnownFileType = sourcecode.swift; path = EditMyExhibitionView.swift; sourceTree = "<group>"; };
		CDD90B6D2C551F6600320330 /* AddressSearchViewModel.swift */ = {isa = PBXFileReference; lastKnownFileType = sourcecode.swift; path = AddressSearchViewModel.swift; sourceTree = "<group>"; };
		CDD90B6F2C551FBE00320330 /* AddressSearchView.swift */ = {isa = PBXFileReference; lastKnownFileType = sourcecode.swift; path = AddressSearchView.swift; sourceTree = "<group>"; };
		CDDED79F2AE1B8A100150F87 /* SettignsViewModel.swift */ = {isa = PBXFileReference; lastKnownFileType = sourcecode.swift; path = SettignsViewModel.swift; sourceTree = "<group>"; };
		CDDED7A12AE1B8F200150F87 /* AuthenticationViewModel.swift */ = {isa = PBXFileReference; lastKnownFileType = sourcecode.swift; path = AuthenticationViewModel.swift; sourceTree = "<group>"; };
		CDDED7A32AE1B93C00150F87 /* SignInEmailViewModel.swift */ = {isa = PBXFileReference; lastKnownFileType = sourcecode.swift; path = SignInEmailViewModel.swift; sourceTree = "<group>"; };
		CDDED7A92AE1BA9200150F87 /* ProfileView.swift */ = {isa = PBXFileReference; lastKnownFileType = sourcecode.swift; path = ProfileView.swift; sourceTree = "<group>"; };
		CDDED7AB2AE1BF7300150F87 /* UserManager.swift */ = {isa = PBXFileReference; lastKnownFileType = sourcecode.swift; path = UserManager.swift; sourceTree = "<group>"; };
/* End PBXFileReference section */

/* Begin PBXFrameworksBuildPhase section */
		CD9316302AD6C985004F2868 /* Frameworks */ = {
			isa = PBXFrameworksBuildPhase;
			buildActionMask = 2147483647;
			files = (
				CD93165B2AD6D081004F2868 /* FirebaseDatabase in Frameworks */,
				CD9316692AD6D081004F2868 /* FirebaseFunctionsCombine-Community in Frameworks */,
				CD1DC1BB2C3D7174004D8617 /* GoogleMaps in Frameworks */,
				CD9316612AD6D081004F2868 /* FirebaseFirestore in Frameworks */,
				CD93164D2AD6D081004F2868 /* FirebaseAnalyticsSwift in Frameworks */,
				CD9316492AD6D081004F2868 /* FirebaseAnalytics in Frameworks */,
				CD93164B2AD6D081004F2868 /* FirebaseAnalyticsOnDeviceConversion in Frameworks */,
				CD9316712AD6D081004F2868 /* FirebaseMLModelDownloader in Frameworks */,
				CD9316942AD970B1004F2868 /* GoogleSignInSwift in Frameworks */,
				CD9316652AD6D081004F2868 /* FirebaseFirestoreSwift in Frameworks */,
				CD93164F2AD6D081004F2868 /* FirebaseAnalyticsWithoutAdIdSupport in Frameworks */,
				CD9316552AD6D081004F2868 /* FirebaseAuth in Frameworks */,
				CD9316592AD6D081004F2868 /* FirebaseCrashlytics in Frameworks */,
				CD9316792AD6D081004F2868 /* FirebaseRemoteConfigSwift in Frameworks */,
				CD9316922AD970B1004F2868 /* GoogleSignIn in Frameworks */,
				CD93166B2AD6D081004F2868 /* FirebaseInAppMessaging-Beta in Frameworks */,
				CD60DB9F2C4524980018BE95 /* AdSupport.framework in Frameworks */,
				CD43EB1E2C3DA02C006DA03A /* GooglePlaces in Frameworks */,
				CD93165D2AD6D081004F2868 /* FirebaseDatabaseSwift in Frameworks */,
				CD9316672AD6D081004F2868 /* FirebaseFunctions in Frameworks */,
				CD93167D2AD6D081004F2868 /* FirebaseStorageCombine-Community in Frameworks */,
				CD9316772AD6D081004F2868 /* FirebaseRemoteConfig in Frameworks */,
				CD9316532AD6D081004F2868 /* FirebaseAppDistribution-Beta in Frameworks */,
				CD9316572AD6D081004F2868 /* FirebaseAuthCombine-Community in Frameworks */,
				CD9316752AD6D081004F2868 /* FirebasePerformance in Frameworks */,
				CD93166D2AD6D081004F2868 /* FirebaseInAppMessagingSwift-Beta in Frameworks */,
				CD93167B2AD6D081004F2868 /* FirebaseStorage in Frameworks */,
				CD93165F2AD6D081004F2868 /* FirebaseDynamicLinks in Frameworks */,
				CD9316632AD6D081004F2868 /* FirebaseFirestoreCombine-Community in Frameworks */,
				CD9316732AD6D081004F2868 /* FirebaseMessaging in Frameworks */,
				CD93166F2AD6D081004F2868 /* FirebaseInstallations in Frameworks */,
			);
			runOnlyForDeploymentPostprocessing = 0;
		};
/* End PBXFrameworksBuildPhase section */

/* Begin PBXGroup section */
		CD1DC1BC2C3D774C004D8617 /* GoogleMaps (not use yet) */ = {
			isa = PBXGroup;
			children = (
				CD60DBA42C4555250018BE95 /* GooglePlacesManager.swift */,
				CD60DBA62C4555790018BE95 /* GoogleAddressSearchView.swift */,
			);
			path = "GoogleMaps (not use yet)";
			sourceTree = "<group>";
		};
		CD36549D2BBEC0FD001A01FC /* Extensions */ = {
			isa = PBXGroup;
			children = (
				CD36549E2BBEC11B001A01FC /* Extensions+Query.swift */,
			);
			path = Extensions;
			sourceTree = "<group>";
		};
		CD4D0BDB2BEE66DF006EE049 /* MyExhibitions */ = {
			isa = PBXGroup;
			children = (
				CD4D0BDC2BEE6703006EE049 /* MyExhibitionViewModel.swift */,
				CD8CD7E22BDFCB3000855E0B /* MyExhibitionsView.swift */,
				CD9350B72BF3979A003BF760 /* EditMyExhibitionView.swift */,
			);
			path = MyExhibitions;
			sourceTree = "<group>";
		};
		CD4D0BDE2BEE6737006EE049 /* CellViews */ = {
			isa = PBXGroup;
			children = (
				CD6954C62AF3E26600312907 /* ExhibitionCellView.swift */,
				CD133FEE2BE12BC100E6BDB6 /* ExhibitionCellViewBuilder.swift */,
			);
			path = CellViews;
			sourceTree = "<group>";
		};
		CD60DB9D2C4524970018BE95 /* Frameworks */ = {
			isa = PBXGroup;
			children = (
				CD60DB9E2C4524980018BE95 /* AdSupport.framework */,
			);
			name = Frameworks;
			sourceTree = "<group>";
		};
		CD6954C12AF3CD7E00312907 /* Exhibitions */ = {
			isa = PBXGroup;
			children = (
				CD4D0BD92BEE662D006EE049 /* ExhibitionViewModel.swift */,
				CD6954C42AF3CE7F00312907 /* ExhibitionDetailView.swift */,
				CD848F9E2B30BA1F0015FA57 /* AddExhibitionFirstView.swift */,
				CD16028F2B0E389B00E20783 /* AddExhibitionSecondView.swift */,
				CD0532D82BB1A39600275D73 /* ExhibitionPosterView.swift */,
				CD4D0BDE2BEE6737006EE049 /* CellViews */,
			);
			path = Exhibitions;
			sourceTree = "<group>";
		};
		CD6954C82AF41F9F00312907 /* Fonts */ = {
			isa = PBXGroup;
			children = (
				CD6954C92AF41FB000312907 /* Objectivity */,
			);
			path = Fonts;
			sourceTree = "<group>";
		};
		CD6954C92AF41FB000312907 /* Objectivity */ = {
			isa = PBXGroup;
			children = (
				CD6954D42AF41FCA00312907 /* Objectivity-Black.otf */,
				CD6954CB2AF41FCA00312907 /* Objectivity-Bold.otf */,
				CD6954DD2AF41FCB00312907 /* Objectivity-ExtraBold.otf */,
				CD6954D62AF41FCA00312907 /* Objectivity-Light.otf */,
				CD6954E62AF41FCC00312907 /* Objectivity-Medium.otf */,
				CD6954CD2AF41FCA00312907 /* Objectivity-Regular.otf */,
				CD6954D92AF41FCB00312907 /* Objectivity-Super.otf */,
				CD6954DA2AF41FCB00312907 /* Objectivity-Thin.otf */,
			);
			path = Objectivity;
			sourceTree = "<group>";
		};
		CD93162A2AD6C985004F2868 = {
			isa = PBXGroup;
			children = (
				CD9316352AD6C985004F2868 /* OurArt */,
				CD9316342AD6C985004F2868 /* Products */,
				CD60DB9D2C4524970018BE95 /* Frameworks */,
			);
			sourceTree = "<group>";
		};
		CD9316342AD6C985004F2868 /* Products */ = {
			isa = PBXGroup;
			children = (
				CD9316332AD6C985004F2868 /* OurArt.app */,
			);
			name = Products;
			sourceTree = "<group>";
		};
		CD9316352AD6C985004F2868 /* OurArt */ = {
			isa = PBXGroup;
			children = (
				CD6954C82AF41F9F00312907 /* Fonts */,
				CD9316952AD97127004F2868 /* Info.plist */,
				CD9316812AD812B4004F2868 /* App */,
				CD93167E2AD8118F004F2868 /* Screens */,
				CDDED79E2AE1B86700150F87 /* Core */,
				CD9316A02AD989C0004F2868 /* Utilities */,
				CD36549D2BBEC0FD001A01FC /* Extensions */,
				CD9316982AD974D2004F2868 /* Modifier */,
				CD9316A32AD99324004F2868 /* Managers */,
				CD93163A2AD6C987004F2868 /* Assets.xcassets */,
				CD93163C2AD6C987004F2868 /* OurArt.entitlements */,
				CD35AB9A2C3DAC1500F54B0B /* GoogleService-Info.plist */,
				CD93163D2AD6C987004F2868 /* Preview Content */,
			);
			path = OurArt;
			sourceTree = "<group>";
		};
		CD93163D2AD6C987004F2868 /* Preview Content */ = {
			isa = PBXGroup;
			children = (
				CD93163E2AD6C987004F2868 /* Preview Assets.xcassets */,
			);
			path = "Preview Content";
			sourceTree = "<group>";
		};
		CD93167E2AD8118F004F2868 /* Screens */ = {
			isa = PBXGroup;
			children = (
				CD93167F2AD812AC004F2868 /* HomeScreen.swift */,
				CD9316822AD812D2004F2868 /* ListScreen.swift */,
				CD9316842AD812E7004F2868 /* SettingsScreen.swift */,
			);
			path = Screens;
			sourceTree = "<group>";
		};
		CD9316812AD812B4004F2868 /* App */ = {
			isa = PBXGroup;
			children = (
				CD9316362AD6C985004F2868 /* OurArtApp.swift */,
				CD9316382AD6C985004F2868 /* ContentView.swift */,
				CD93168D2AD8300F004F2868 /* RootView.swift */,
			);
			path = App;
			sourceTree = "<group>";
		};
		CD9316982AD974D2004F2868 /* Modifier */ = {
			isa = PBXGroup;
			children = (
				CD9316992AD974F2004F2868 /* Modifiers.swift */,
			);
			path = Modifier;
			sourceTree = "<group>";
		};
		CD9316A02AD989C0004F2868 /* Utilities */ = {
			isa = PBXGroup;
			children = (
				CD9316A12AD989E1004F2868 /* Utilities.swift */,
			);
			path = Utilities;
			sourceTree = "<group>";
		};
		CD9316A32AD99324004F2868 /* Managers */ = {
			isa = PBXGroup;
			children = (
				CD93168B2AD8225E004F2868 /* AuthenticationManager.swift */,
				CDDED7AB2AE1BF7300150F87 /* UserManager.swift */,
				CD6954BE2AEFEC5500312907 /* ExhibitionManager.swift */,
				CD6954BC2AEFE88900312907 /* StorageManager.swift */,
				CDDED7AD2AE1BF7A00150F87 /* Helpers */,
			);
			path = Managers;
			sourceTree = "<group>";
		};
		CDD90B6C2C551F3300320330 /* Maps */ = {
			isa = PBXGroup;
			children = (
				CDD90B6D2C551F6600320330 /* AddressSearchViewModel.swift */,
				CDD90B6F2C551FBE00320330 /* AddressSearchView.swift */,
			);
			path = Maps;
			sourceTree = "<group>";
		};
		CDDED79E2AE1B86700150F87 /* Core */ = {
			isa = PBXGroup;
			children = (
				CDD90B6C2C551F3300320330 /* Maps */,
				CD1DC1BC2C3D774C004D8617 /* GoogleMaps (not use yet) */,
				CDDED7A52AE1B9A600150F87 /* Authentication */,
				CD6954C12AF3CD7E00312907 /* Exhibitions */,
				CD4D0BDB2BEE66DF006EE049 /* MyExhibitions */,
				CDDED7A82AE1BA7900150F87 /* Profile */,
				CDDED7A62AE1B9DD00150F87 /* Settings */,
			);
			path = Core;
			sourceTree = "<group>";
		};
		CDDED7A52AE1B9A600150F87 /* Authentication */ = {
			isa = PBXGroup;
			children = (
				CDDED7A12AE1B8F200150F87 /* AuthenticationViewModel.swift */,
				CD9316872AD8191E004F2868 /* AuthenticationView.swift */,
				CDDED7A72AE1B9FF00150F87 /* SubViews */,
			);
			path = Authentication;
			sourceTree = "<group>";
		};
		CDDED7A62AE1B9DD00150F87 /* Settings */ = {
			isa = PBXGroup;
			children = (
				CDDED79F2AE1B8A100150F87 /* SettignsViewModel.swift */,
			);
			path = Settings;
			sourceTree = "<group>";
		};
		CDDED7A72AE1B9FF00150F87 /* SubViews */ = {
			isa = PBXGroup;
			children = (
				CDDED7A32AE1B93C00150F87 /* SignInEmailViewModel.swift */,
				CD9316892AD81D27004F2868 /* SignInEmailView.swift */,
			);
			path = SubViews;
			sourceTree = "<group>";
		};
		CDDED7A82AE1BA7900150F87 /* Profile */ = {
			isa = PBXGroup;
			children = (
				CD12FBF22AFE463300251E86 /* ProfileViewModel.swift */,
				CDDED7A92AE1BA9200150F87 /* ProfileView.swift */,
				CD6FDBF82B0518EC00586B48 /* ProfileCellView.swift */,
				CD6FDBFA2B05641600586B48 /* ProfileEditView.swift */,
			);
			path = Profile;
			sourceTree = "<group>";
		};
		CDDED7AD2AE1BF7A00150F87 /* Helpers */ = {
			isa = PBXGroup;
			children = (
				CD9316A42AD99342004F2868 /* SignInGoogleHelper.swift */,
				CD92A7622ADACB4000C588E5 /* SignInAppleHelper.swift */,
			);
			path = Helpers;
			sourceTree = "<group>";
		};
/* End PBXGroup section */

/* Begin PBXNativeTarget section */
		CD9316322AD6C985004F2868 /* OurArt */ = {
			isa = PBXNativeTarget;
			buildConfigurationList = CD9316422AD6C987004F2868 /* Build configuration list for PBXNativeTarget "OurArt" */;
			buildPhases = (
				CD93162F2AD6C985004F2868 /* Sources */,
				CD9316302AD6C985004F2868 /* Frameworks */,
				CD9316312AD6C985004F2868 /* Resources */,
				CD35AB9C2C3DB54100F54B0B /* ShellScript */,
			);
			buildRules = (
			);
			dependencies = (
			);
			name = OurArt;
			packageProductDependencies = (
				CD9316482AD6D081004F2868 /* FirebaseAnalytics */,
				CD93164A2AD6D081004F2868 /* FirebaseAnalyticsOnDeviceConversion */,
				CD93164C2AD6D081004F2868 /* FirebaseAnalyticsSwift */,
				CD93164E2AD6D081004F2868 /* FirebaseAnalyticsWithoutAdIdSupport */,
				CD9316522AD6D081004F2868 /* FirebaseAppDistribution-Beta */,
				CD9316542AD6D081004F2868 /* FirebaseAuth */,
				CD9316562AD6D081004F2868 /* FirebaseAuthCombine-Community */,
				CD9316582AD6D081004F2868 /* FirebaseCrashlytics */,
				CD93165A2AD6D081004F2868 /* FirebaseDatabase */,
				CD93165C2AD6D081004F2868 /* FirebaseDatabaseSwift */,
				CD93165E2AD6D081004F2868 /* FirebaseDynamicLinks */,
				CD9316602AD6D081004F2868 /* FirebaseFirestore */,
				CD9316622AD6D081004F2868 /* FirebaseFirestoreCombine-Community */,
				CD9316642AD6D081004F2868 /* FirebaseFirestoreSwift */,
				CD9316662AD6D081004F2868 /* FirebaseFunctions */,
				CD9316682AD6D081004F2868 /* FirebaseFunctionsCombine-Community */,
				CD93166A2AD6D081004F2868 /* FirebaseInAppMessaging-Beta */,
				CD93166C2AD6D081004F2868 /* FirebaseInAppMessagingSwift-Beta */,
				CD93166E2AD6D081004F2868 /* FirebaseInstallations */,
				CD9316702AD6D081004F2868 /* FirebaseMLModelDownloader */,
				CD9316722AD6D081004F2868 /* FirebaseMessaging */,
				CD9316742AD6D081004F2868 /* FirebasePerformance */,
				CD9316762AD6D081004F2868 /* FirebaseRemoteConfig */,
				CD9316782AD6D081004F2868 /* FirebaseRemoteConfigSwift */,
				CD93167A2AD6D081004F2868 /* FirebaseStorage */,
				CD93167C2AD6D081004F2868 /* FirebaseStorageCombine-Community */,
				CD9316912AD970B1004F2868 /* GoogleSignIn */,
				CD9316932AD970B1004F2868 /* GoogleSignInSwift */,
				CD1DC1BA2C3D7174004D8617 /* GoogleMaps */,
				CD43EB1D2C3DA02C006DA03A /* GooglePlaces */,
			);
			productName = OurArt;
			productReference = CD9316332AD6C985004F2868 /* OurArt.app */;
			productType = "com.apple.product-type.application";
		};
/* End PBXNativeTarget section */

/* Begin PBXProject section */
		CD93162B2AD6C985004F2868 /* Project object */ = {
			isa = PBXProject;
			attributes = {
				BuildIndependentTargetsInParallel = 1;
				LastSwiftUpdateCheck = 1500;
				LastUpgradeCheck = 1540;
				TargetAttributes = {
					CD9316322AD6C985004F2868 = {
						CreatedOnToolsVersion = 15.0;
					};
				};
			};
			buildConfigurationList = CD93162E2AD6C985004F2868 /* Build configuration list for PBXProject "OurArt" */;
			compatibilityVersion = "Xcode 14.0";
			developmentRegion = en;
			hasScannedForEncodings = 0;
			knownRegions = (
				en,
				Base,
				de,
			);
			mainGroup = CD93162A2AD6C985004F2868;
			packageReferences = (
				CD9316472AD6D081004F2868 /* XCRemoteSwiftPackageReference "firebase-ios-sdk" */,
				CD9316902AD970B1004F2868 /* XCRemoteSwiftPackageReference "GoogleSignIn-iOS" */,
				CD1DC1B92C3D7174004D8617 /* XCRemoteSwiftPackageReference "ios-maps-sdk" */,
				CD4495502C3D8B6D00466873 /* XCRemoteSwiftPackageReference "ios-places-sdk" */,
			);
			productRefGroup = CD9316342AD6C985004F2868 /* Products */;
			projectDirPath = "";
			projectRoot = "";
			targets = (
				CD9316322AD6C985004F2868 /* OurArt */,
			);
		};
/* End PBXProject section */

/* Begin PBXResourcesBuildPhase section */
		CD9316312AD6C985004F2868 /* Resources */ = {
			isa = PBXResourcesBuildPhase;
			buildActionMask = 2147483647;
			files = (
				CD6954EB2AF41FCC00312907 /* Objectivity-Bold.otf in Resources */,
				CD6954F92AF41FCC00312907 /* Objectivity-Super.otf in Resources */,
				CD6955062AF41FCC00312907 /* Objectivity-Medium.otf in Resources */,
				CD6954ED2AF41FCC00312907 /* Objectivity-Regular.otf in Resources */,
				CD6954FD2AF41FCC00312907 /* Objectivity-ExtraBold.otf in Resources */,
				CD6954FA2AF41FCC00312907 /* Objectivity-Thin.otf in Resources */,
				CD93163F2AD6C987004F2868 /* Preview Assets.xcassets in Resources */,
				CD35AB9B2C3DAC1500F54B0B /* GoogleService-Info.plist in Resources */,
				CD93163B2AD6C987004F2868 /* Assets.xcassets in Resources */,
				CD6954F62AF41FCC00312907 /* Objectivity-Light.otf in Resources */,
				CD6954F42AF41FCC00312907 /* Objectivity-Black.otf in Resources */,
			);
			runOnlyForDeploymentPostprocessing = 0;
		};
/* End PBXResourcesBuildPhase section */

/* Begin PBXShellScriptBuildPhase section */
		CD35AB9C2C3DB54100F54B0B /* ShellScript */ = {
			isa = PBXShellScriptBuildPhase;
			buildActionMask = 2147483647;
			files = (
			);
			inputFileListPaths = (
			);
			inputPaths = (
				"${DWARF_DSYM_FOLDER_PATH}/${DWARF_DSYM_FILE_NAME}",
				"${DWARF_DSYM_FOLDER_PATH}/${DWARF_DSYM_FILE_NAME}/Contents/Resources/DWARF/${PRODUCT_NAME}",
				"${DWARF_DSYM_FOLDER_PATH}/${DWARF_DSYM_FILE_NAME}/Contents/Info.plist",
				"$(TARGET_BUILD_DIR)/$(UNLOCALIZED_RESOURCES_FOLDER_PATH)/GoogleService-Info.plist",
				"$(TARGET_BUILD_DIR)/$(EXECUTABLE_PATH)",
			);
			outputFileListPaths = (
			);
			outputPaths = (
			);
			runOnlyForDeploymentPostprocessing = 0;
			shellPath = /bin/sh;
			shellScript = "# Type a script or drag a script file from your workspace to insert its path.\n\"${BUILD_DIR%/Build/*}/SourcePackages/checkouts/firebase-ios-sdk/Crashlytics/run\"\n";
		};
/* End PBXShellScriptBuildPhase section */

/* Begin PBXSourcesBuildPhase section */
		CD93162F2AD6C985004F2868 /* Sources */ = {
			isa = PBXSourcesBuildPhase;
			buildActionMask = 2147483647;
			files = (
				CD60DBA52C4555250018BE95 /* GooglePlacesManager.swift in Sources */,
				CDDED7AC2AE1BF7300150F87 /* UserManager.swift in Sources */,
				CD1602902B0E389B00E20783 /* AddExhibitionSecondView.swift in Sources */,
				CD6FDBF92B0518EC00586B48 /* ProfileCellView.swift in Sources */,
				CDD90B6E2C551F6600320330 /* AddressSearchViewModel.swift in Sources */,
				CD9316392AD6C985004F2868 /* ContentView.swift in Sources */,
				CDDED7A42AE1B93D00150F87 /* SignInEmailViewModel.swift in Sources */,
				CD848F9F2B30BA1F0015FA57 /* AddExhibitionFirstView.swift in Sources */,
				CD6954BF2AEFEC5500312907 /* ExhibitionManager.swift in Sources */,
				CD6954C52AF3CE8000312907 /* ExhibitionDetailView.swift in Sources */,
				CD6954C72AF3E26600312907 /* ExhibitionCellView.swift in Sources */,
				CD12FBF32AFE463300251E86 /* ProfileViewModel.swift in Sources */,
				CD0532D92BB1A39600275D73 /* ExhibitionPosterView.swift in Sources */,
				CD6FDBFB2B05641600586B48 /* ProfileEditView.swift in Sources */,
				CDDED7A02AE1B8A100150F87 /* SettignsViewModel.swift in Sources */,
				CD93168C2AD8225E004F2868 /* AuthenticationManager.swift in Sources */,
				CD9316A22AD989E2004F2868 /* Utilities.swift in Sources */,
				CD9316372AD6C985004F2868 /* OurArtApp.swift in Sources */,
				CD6954BD2AEFE88900312907 /* StorageManager.swift in Sources */,
				CD9350B82BF3979A003BF760 /* EditMyExhibitionView.swift in Sources */,
				CDD90B702C551FBE00320330 /* AddressSearchView.swift in Sources */,
				CD4D0BDD2BEE6703006EE049 /* MyExhibitionViewModel.swift in Sources */,
				CD60DBA72C4555790018BE95 /* GoogleAddressSearchView.swift in Sources */,
				CD9316A52AD99342004F2868 /* SignInGoogleHelper.swift in Sources */,
				CDDED7A22AE1B8F200150F87 /* AuthenticationViewModel.swift in Sources */,
				CD4D0BDA2BEE662D006EE049 /* ExhibitionViewModel.swift in Sources */,
				CD36549F2BBEC11B001A01FC /* Extensions+Query.swift in Sources */,
				CD9316882AD8191E004F2868 /* AuthenticationView.swift in Sources */,
				CDDED7AA2AE1BA9200150F87 /* ProfileView.swift in Sources */,
				CD93169A2AD974F2004F2868 /* Modifiers.swift in Sources */,
				CD9316802AD812AC004F2868 /* HomeScreen.swift in Sources */,
				CD93168E2AD8300F004F2868 /* RootView.swift in Sources */,
				CD133FEF2BE12BC100E6BDB6 /* ExhibitionCellViewBuilder.swift in Sources */,
				CD9316852AD812E7004F2868 /* SettingsScreen.swift in Sources */,
				CD9316832AD812D2004F2868 /* ListScreen.swift in Sources */,
				CD92A7632ADACB4000C588E5 /* SignInAppleHelper.swift in Sources */,
				CD93168A2AD81D27004F2868 /* SignInEmailView.swift in Sources */,
				CD8CD7E32BDFCB3000855E0B /* MyExhibitionsView.swift in Sources */,
			);
			runOnlyForDeploymentPostprocessing = 0;
		};
/* End PBXSourcesBuildPhase section */

/* Begin XCBuildConfiguration section */
		CD9316402AD6C987004F2868 /* Debug */ = {
			isa = XCBuildConfiguration;
			buildSettings = {
				ALWAYS_SEARCH_USER_PATHS = NO;
				ASSETCATALOG_COMPILER_GENERATE_SWIFT_ASSET_SYMBOL_EXTENSIONS = YES;
				CLANG_ANALYZER_LOCALIZABILITY_NONLOCALIZED = YES;
				CLANG_ANALYZER_NONNULL = YES;
				CLANG_ANALYZER_NUMBER_OBJECT_CONVERSION = YES_AGGRESSIVE;
				CLANG_CXX_LANGUAGE_STANDARD = "gnu++20";
				CLANG_ENABLE_MODULES = YES;
				CLANG_ENABLE_OBJC_ARC = YES;
				CLANG_ENABLE_OBJC_WEAK = YES;
				CLANG_WARN_BLOCK_CAPTURE_AUTORELEASING = YES;
				CLANG_WARN_BOOL_CONVERSION = YES;
				CLANG_WARN_COMMA = YES;
				CLANG_WARN_CONSTANT_CONVERSION = YES;
				CLANG_WARN_DEPRECATED_OBJC_IMPLEMENTATIONS = YES;
				CLANG_WARN_DIRECT_OBJC_ISA_USAGE = YES_ERROR;
				CLANG_WARN_DOCUMENTATION_COMMENTS = YES;
				CLANG_WARN_EMPTY_BODY = YES;
				CLANG_WARN_ENUM_CONVERSION = YES;
				CLANG_WARN_INFINITE_RECURSION = YES;
				CLANG_WARN_INT_CONVERSION = YES;
				CLANG_WARN_NON_LITERAL_NULL_CONVERSION = YES;
				CLANG_WARN_OBJC_IMPLICIT_RETAIN_SELF = YES;
				CLANG_WARN_OBJC_LITERAL_CONVERSION = YES;
				CLANG_WARN_OBJC_ROOT_CLASS = YES_ERROR;
				CLANG_WARN_QUOTED_INCLUDE_IN_FRAMEWORK_HEADER = YES;
				CLANG_WARN_RANGE_LOOP_ANALYSIS = YES;
				CLANG_WARN_STRICT_PROTOTYPES = YES;
				CLANG_WARN_SUSPICIOUS_MOVE = YES;
				CLANG_WARN_UNGUARDED_AVAILABILITY = YES_AGGRESSIVE;
				CLANG_WARN_UNREACHABLE_CODE = YES;
				CLANG_WARN__DUPLICATE_METHOD_MATCH = YES;
				COPY_PHASE_STRIP = NO;
				DEAD_CODE_STRIPPING = YES;
				DEBUG_INFORMATION_FORMAT = dwarf;
				ENABLE_STRICT_OBJC_MSGSEND = YES;
				ENABLE_TESTABILITY = YES;
				ENABLE_USER_SCRIPT_SANDBOXING = YES;
				GCC_C_LANGUAGE_STANDARD = gnu17;
				GCC_DYNAMIC_NO_PIC = NO;
				GCC_NO_COMMON_BLOCKS = YES;
				GCC_OPTIMIZATION_LEVEL = 0;
				GCC_PREPROCESSOR_DEFINITIONS = (
					"DEBUG=1",
					"$(inherited)",
				);
				GCC_WARN_64_TO_32_BIT_CONVERSION = YES;
				GCC_WARN_ABOUT_RETURN_TYPE = YES_ERROR;
				GCC_WARN_UNDECLARED_SELECTOR = YES;
				GCC_WARN_UNINITIALIZED_AUTOS = YES_AGGRESSIVE;
				GCC_WARN_UNUSED_FUNCTION = YES;
				GCC_WARN_UNUSED_VARIABLE = YES;
				LOCALIZATION_PREFERS_STRING_CATALOGS = YES;
				MTL_ENABLE_DEBUG_INFO = INCLUDE_SOURCE;
				MTL_FAST_MATH = YES;
				ONLY_ACTIVE_ARCH = YES;
				SWIFT_ACTIVE_COMPILATION_CONDITIONS = "DEBUG $(inherited)";
				SWIFT_OPTIMIZATION_LEVEL = "-Onone";
			};
			name = Debug;
		};
		CD9316412AD6C987004F2868 /* Release */ = {
			isa = XCBuildConfiguration;
			buildSettings = {
				ALWAYS_SEARCH_USER_PATHS = NO;
				ASSETCATALOG_COMPILER_GENERATE_SWIFT_ASSET_SYMBOL_EXTENSIONS = YES;
				CLANG_ANALYZER_LOCALIZABILITY_NONLOCALIZED = YES;
				CLANG_ANALYZER_NONNULL = YES;
				CLANG_ANALYZER_NUMBER_OBJECT_CONVERSION = YES_AGGRESSIVE;
				CLANG_CXX_LANGUAGE_STANDARD = "gnu++20";
				CLANG_ENABLE_MODULES = YES;
				CLANG_ENABLE_OBJC_ARC = YES;
				CLANG_ENABLE_OBJC_WEAK = YES;
				CLANG_WARN_BLOCK_CAPTURE_AUTORELEASING = YES;
				CLANG_WARN_BOOL_CONVERSION = YES;
				CLANG_WARN_COMMA = YES;
				CLANG_WARN_CONSTANT_CONVERSION = YES;
				CLANG_WARN_DEPRECATED_OBJC_IMPLEMENTATIONS = YES;
				CLANG_WARN_DIRECT_OBJC_ISA_USAGE = YES_ERROR;
				CLANG_WARN_DOCUMENTATION_COMMENTS = YES;
				CLANG_WARN_EMPTY_BODY = YES;
				CLANG_WARN_ENUM_CONVERSION = YES;
				CLANG_WARN_INFINITE_RECURSION = YES;
				CLANG_WARN_INT_CONVERSION = YES;
				CLANG_WARN_NON_LITERAL_NULL_CONVERSION = YES;
				CLANG_WARN_OBJC_IMPLICIT_RETAIN_SELF = YES;
				CLANG_WARN_OBJC_LITERAL_CONVERSION = YES;
				CLANG_WARN_OBJC_ROOT_CLASS = YES_ERROR;
				CLANG_WARN_QUOTED_INCLUDE_IN_FRAMEWORK_HEADER = YES;
				CLANG_WARN_RANGE_LOOP_ANALYSIS = YES;
				CLANG_WARN_STRICT_PROTOTYPES = YES;
				CLANG_WARN_SUSPICIOUS_MOVE = YES;
				CLANG_WARN_UNGUARDED_AVAILABILITY = YES_AGGRESSIVE;
				CLANG_WARN_UNREACHABLE_CODE = YES;
				CLANG_WARN__DUPLICATE_METHOD_MATCH = YES;
				COPY_PHASE_STRIP = NO;
				DEAD_CODE_STRIPPING = YES;
				DEBUG_INFORMATION_FORMAT = "dwarf-with-dsym";
				ENABLE_NS_ASSERTIONS = NO;
				ENABLE_STRICT_OBJC_MSGSEND = YES;
				ENABLE_USER_SCRIPT_SANDBOXING = YES;
				GCC_C_LANGUAGE_STANDARD = gnu17;
				GCC_NO_COMMON_BLOCKS = YES;
				GCC_WARN_64_TO_32_BIT_CONVERSION = YES;
				GCC_WARN_ABOUT_RETURN_TYPE = YES_ERROR;
				GCC_WARN_UNDECLARED_SELECTOR = YES;
				GCC_WARN_UNINITIALIZED_AUTOS = YES_AGGRESSIVE;
				GCC_WARN_UNUSED_FUNCTION = YES;
				GCC_WARN_UNUSED_VARIABLE = YES;
				LOCALIZATION_PREFERS_STRING_CATALOGS = YES;
				MTL_ENABLE_DEBUG_INFO = NO;
				MTL_FAST_MATH = YES;
				SWIFT_COMPILATION_MODE = wholemodule;
			};
			name = Release;
		};
		CD9316432AD6C987004F2868 /* Debug */ = {
			isa = XCBuildConfiguration;
			buildSettings = {
				ASSETCATALOG_COMPILER_APPICON_NAME = AppIcon;
				ASSETCATALOG_COMPILER_GLOBAL_ACCENT_COLOR_NAME = AccentColor;
				CODE_SIGN_ENTITLEMENTS = OurArt/OurArt.entitlements;
				CODE_SIGN_IDENTITY = "Apple Development";
				CODE_SIGN_STYLE = Automatic;
				CURRENT_PROJECT_VERSION = 1;
				DEAD_CODE_STRIPPING = YES;
				DEBUG_INFORMATION_FORMAT = "dwarf-with-dsym";
				DEVELOPMENT_ASSET_PATHS = "\"OurArt/Preview Content\"";
				DEVELOPMENT_TEAM = W568Y7LT6U;
				ENABLE_HARDENED_RUNTIME = YES;
				ENABLE_PREVIEWS = YES;
				GENERATE_INFOPLIST_FILE = YES;
				INFOPLIST_FILE = OurArt/Info.plist;
				INFOPLIST_KEY_LSApplicationCategoryType = "public.app-category.social-networking";
				"INFOPLIST_KEY_UIApplicationSceneManifest_Generation[sdk=iphoneos*]" = YES;
				"INFOPLIST_KEY_UIApplicationSceneManifest_Generation[sdk=iphonesimulator*]" = YES;
				"INFOPLIST_KEY_UIApplicationSupportsIndirectInputEvents[sdk=iphoneos*]" = YES;
				"INFOPLIST_KEY_UIApplicationSupportsIndirectInputEvents[sdk=iphonesimulator*]" = YES;
				"INFOPLIST_KEY_UILaunchScreen_Generation[sdk=iphoneos*]" = YES;
				"INFOPLIST_KEY_UILaunchScreen_Generation[sdk=iphonesimulator*]" = YES;
				"INFOPLIST_KEY_UIStatusBarStyle[sdk=iphoneos*]" = UIStatusBarStyleDefault;
				"INFOPLIST_KEY_UIStatusBarStyle[sdk=iphonesimulator*]" = UIStatusBarStyleDefault;
				INFOPLIST_KEY_UISupportedInterfaceOrientations = UIInterfaceOrientationPortrait;
				IPHONEOS_DEPLOYMENT_TARGET = 17.0;
				LD_RUNPATH_SEARCH_PATHS = "@executable_path/Frameworks";
				"LD_RUNPATH_SEARCH_PATHS[sdk=macosx*]" = "@executable_path/../Frameworks";
				MACOSX_DEPLOYMENT_TARGET = 13.0;
				MARKETING_VERSION = 1.0;
				PRODUCT_BUNDLE_IDENTIFIER = com.dMO.OurArt;
				PRODUCT_NAME = "$(TARGET_NAME)";
				PROVISIONING_PROFILE_SPECIFIER = "";
				SDKROOT = auto;
				SUPPORTED_PLATFORMS = "iphoneos iphonesimulator";
				SUPPORTS_MACCATALYST = NO;
				SWIFT_EMIT_LOC_STRINGS = YES;
				SWIFT_VERSION = 5.0;
				TARGETED_DEVICE_FAMILY = "1,2";
			};
			name = Debug;
		};
		CD9316442AD6C987004F2868 /* Release */ = {
			isa = XCBuildConfiguration;
			buildSettings = {
				ASSETCATALOG_COMPILER_APPICON_NAME = AppIcon;
				ASSETCATALOG_COMPILER_GLOBAL_ACCENT_COLOR_NAME = AccentColor;
				CODE_SIGN_ENTITLEMENTS = OurArt/OurArt.entitlements;
				CODE_SIGN_IDENTITY = "Apple Development";
				CODE_SIGN_STYLE = Automatic;
				CURRENT_PROJECT_VERSION = 1;
				DEAD_CODE_STRIPPING = YES;
				DEVELOPMENT_ASSET_PATHS = "\"OurArt/Preview Content\"";
				DEVELOPMENT_TEAM = W568Y7LT6U;
				ENABLE_HARDENED_RUNTIME = YES;
				ENABLE_PREVIEWS = YES;
				GENERATE_INFOPLIST_FILE = YES;
				INFOPLIST_FILE = OurArt/Info.plist;
				INFOPLIST_KEY_LSApplicationCategoryType = "public.app-category.social-networking";
				"INFOPLIST_KEY_UIApplicationSceneManifest_Generation[sdk=iphoneos*]" = YES;
				"INFOPLIST_KEY_UIApplicationSceneManifest_Generation[sdk=iphonesimulator*]" = YES;
				"INFOPLIST_KEY_UIApplicationSupportsIndirectInputEvents[sdk=iphoneos*]" = YES;
				"INFOPLIST_KEY_UIApplicationSupportsIndirectInputEvents[sdk=iphonesimulator*]" = YES;
				"INFOPLIST_KEY_UILaunchScreen_Generation[sdk=iphoneos*]" = YES;
				"INFOPLIST_KEY_UILaunchScreen_Generation[sdk=iphonesimulator*]" = YES;
				"INFOPLIST_KEY_UIStatusBarStyle[sdk=iphoneos*]" = UIStatusBarStyleDefault;
				"INFOPLIST_KEY_UIStatusBarStyle[sdk=iphonesimulator*]" = UIStatusBarStyleDefault;
				INFOPLIST_KEY_UISupportedInterfaceOrientations = UIInterfaceOrientationPortrait;
				IPHONEOS_DEPLOYMENT_TARGET = 17.0;
				LD_RUNPATH_SEARCH_PATHS = "@executable_path/Frameworks";
				"LD_RUNPATH_SEARCH_PATHS[sdk=macosx*]" = "@executable_path/../Frameworks";
				MACOSX_DEPLOYMENT_TARGET = 13.0;
				MARKETING_VERSION = 1.0;
				PRODUCT_BUNDLE_IDENTIFIER = com.dMO.OurArt;
				PRODUCT_NAME = "$(TARGET_NAME)";
				PROVISIONING_PROFILE_SPECIFIER = "";
				SDKROOT = auto;
				SUPPORTED_PLATFORMS = "iphoneos iphonesimulator";
				SUPPORTS_MACCATALYST = NO;
				SWIFT_EMIT_LOC_STRINGS = YES;
				SWIFT_VERSION = 5.0;
				TARGETED_DEVICE_FAMILY = "1,2";
			};
			name = Release;
		};
/* End XCBuildConfiguration section */

/* Begin XCConfigurationList section */
		CD93162E2AD6C985004F2868 /* Build configuration list for PBXProject "OurArt" */ = {
			isa = XCConfigurationList;
			buildConfigurations = (
				CD9316402AD6C987004F2868 /* Debug */,
				CD9316412AD6C987004F2868 /* Release */,
			);
			defaultConfigurationIsVisible = 0;
			defaultConfigurationName = Release;
		};
		CD9316422AD6C987004F2868 /* Build configuration list for PBXNativeTarget "OurArt" */ = {
			isa = XCConfigurationList;
			buildConfigurations = (
				CD9316432AD6C987004F2868 /* Debug */,
				CD9316442AD6C987004F2868 /* Release */,
			);
			defaultConfigurationIsVisible = 0;
			defaultConfigurationName = Release;
		};
/* End XCConfigurationList section */

/* Begin XCRemoteSwiftPackageReference section */
		CD1DC1B92C3D7174004D8617 /* XCRemoteSwiftPackageReference "ios-maps-sdk" */ = {
			isa = XCRemoteSwiftPackageReference;
			repositoryURL = "https://github.com/googlemaps/ios-maps-sdk";
			requirement = {
				kind = upToNextMajorVersion;
				minimumVersion = 9.0.0;
			};
		};
		CD4495502C3D8B6D00466873 /* XCRemoteSwiftPackageReference "ios-places-sdk" */ = {
			isa = XCRemoteSwiftPackageReference;
			repositoryURL = "https://github.com/googlemaps/ios-places-sdk";
			requirement = {
				kind = upToNextMajorVersion;
				minimumVersion = 9.0.0;
			};
		};
		CD9316472AD6D081004F2868 /* XCRemoteSwiftPackageReference "firebase-ios-sdk" */ = {
			isa = XCRemoteSwiftPackageReference;
			repositoryURL = "https://github.com/firebase/firebase-ios-sdk";
			requirement = {
				kind = upToNextMajorVersion;
				minimumVersion = 10.16.0;
			};
		};
		CD9316902AD970B1004F2868 /* XCRemoteSwiftPackageReference "GoogleSignIn-iOS" */ = {
			isa = XCRemoteSwiftPackageReference;
			repositoryURL = "https://github.com/google/GoogleSignIn-iOS.git";
			requirement = {
				kind = upToNextMajorVersion;
				minimumVersion = 7.0.0;
			};
		};
/* End XCRemoteSwiftPackageReference section */

/* Begin XCSwiftPackageProductDependency section */
		CD1DC1BA2C3D7174004D8617 /* GoogleMaps */ = {
			isa = XCSwiftPackageProductDependency;
			package = CD1DC1B92C3D7174004D8617 /* XCRemoteSwiftPackageReference "ios-maps-sdk" */;
			productName = GoogleMaps;
		};
		CD43EB1D2C3DA02C006DA03A /* GooglePlaces */ = {
			isa = XCSwiftPackageProductDependency;
			package = CD4495502C3D8B6D00466873 /* XCRemoteSwiftPackageReference "ios-places-sdk" */;
			productName = GooglePlaces;
		};
		CD9316482AD6D081004F2868 /* FirebaseAnalytics */ = {
			isa = XCSwiftPackageProductDependency;
			package = CD9316472AD6D081004F2868 /* XCRemoteSwiftPackageReference "firebase-ios-sdk" */;
			productName = FirebaseAnalytics;
		};
		CD93164A2AD6D081004F2868 /* FirebaseAnalyticsOnDeviceConversion */ = {
			isa = XCSwiftPackageProductDependency;
			package = CD9316472AD6D081004F2868 /* XCRemoteSwiftPackageReference "firebase-ios-sdk" */;
			productName = FirebaseAnalyticsOnDeviceConversion;
		};
		CD93164C2AD6D081004F2868 /* FirebaseAnalyticsSwift */ = {
			isa = XCSwiftPackageProductDependency;
			package = CD9316472AD6D081004F2868 /* XCRemoteSwiftPackageReference "firebase-ios-sdk" */;
			productName = FirebaseAnalyticsSwift;
		};
		CD93164E2AD6D081004F2868 /* FirebaseAnalyticsWithoutAdIdSupport */ = {
			isa = XCSwiftPackageProductDependency;
			package = CD9316472AD6D081004F2868 /* XCRemoteSwiftPackageReference "firebase-ios-sdk" */;
			productName = FirebaseAnalyticsWithoutAdIdSupport;
		};
		CD9316522AD6D081004F2868 /* FirebaseAppDistribution-Beta */ = {
			isa = XCSwiftPackageProductDependency;
			package = CD9316472AD6D081004F2868 /* XCRemoteSwiftPackageReference "firebase-ios-sdk" */;
			productName = "FirebaseAppDistribution-Beta";
		};
		CD9316542AD6D081004F2868 /* FirebaseAuth */ = {
			isa = XCSwiftPackageProductDependency;
			package = CD9316472AD6D081004F2868 /* XCRemoteSwiftPackageReference "firebase-ios-sdk" */;
			productName = FirebaseAuth;
		};
		CD9316562AD6D081004F2868 /* FirebaseAuthCombine-Community */ = {
			isa = XCSwiftPackageProductDependency;
			package = CD9316472AD6D081004F2868 /* XCRemoteSwiftPackageReference "firebase-ios-sdk" */;
			productName = "FirebaseAuthCombine-Community";
		};
		CD9316582AD6D081004F2868 /* FirebaseCrashlytics */ = {
			isa = XCSwiftPackageProductDependency;
			package = CD9316472AD6D081004F2868 /* XCRemoteSwiftPackageReference "firebase-ios-sdk" */;
			productName = FirebaseCrashlytics;
		};
		CD93165A2AD6D081004F2868 /* FirebaseDatabase */ = {
			isa = XCSwiftPackageProductDependency;
			package = CD9316472AD6D081004F2868 /* XCRemoteSwiftPackageReference "firebase-ios-sdk" */;
			productName = FirebaseDatabase;
		};
		CD93165C2AD6D081004F2868 /* FirebaseDatabaseSwift */ = {
			isa = XCSwiftPackageProductDependency;
			package = CD9316472AD6D081004F2868 /* XCRemoteSwiftPackageReference "firebase-ios-sdk" */;
			productName = FirebaseDatabaseSwift;
		};
		CD93165E2AD6D081004F2868 /* FirebaseDynamicLinks */ = {
			isa = XCSwiftPackageProductDependency;
			package = CD9316472AD6D081004F2868 /* XCRemoteSwiftPackageReference "firebase-ios-sdk" */;
			productName = FirebaseDynamicLinks;
		};
		CD9316602AD6D081004F2868 /* FirebaseFirestore */ = {
			isa = XCSwiftPackageProductDependency;
			package = CD9316472AD6D081004F2868 /* XCRemoteSwiftPackageReference "firebase-ios-sdk" */;
			productName = FirebaseFirestore;
		};
		CD9316622AD6D081004F2868 /* FirebaseFirestoreCombine-Community */ = {
			isa = XCSwiftPackageProductDependency;
			package = CD9316472AD6D081004F2868 /* XCRemoteSwiftPackageReference "firebase-ios-sdk" */;
			productName = "FirebaseFirestoreCombine-Community";
		};
		CD9316642AD6D081004F2868 /* FirebaseFirestoreSwift */ = {
			isa = XCSwiftPackageProductDependency;
			package = CD9316472AD6D081004F2868 /* XCRemoteSwiftPackageReference "firebase-ios-sdk" */;
			productName = FirebaseFirestoreSwift;
		};
		CD9316662AD6D081004F2868 /* FirebaseFunctions */ = {
			isa = XCSwiftPackageProductDependency;
			package = CD9316472AD6D081004F2868 /* XCRemoteSwiftPackageReference "firebase-ios-sdk" */;
			productName = FirebaseFunctions;
		};
		CD9316682AD6D081004F2868 /* FirebaseFunctionsCombine-Community */ = {
			isa = XCSwiftPackageProductDependency;
			package = CD9316472AD6D081004F2868 /* XCRemoteSwiftPackageReference "firebase-ios-sdk" */;
			productName = "FirebaseFunctionsCombine-Community";
		};
		CD93166A2AD6D081004F2868 /* FirebaseInAppMessaging-Beta */ = {
			isa = XCSwiftPackageProductDependency;
			package = CD9316472AD6D081004F2868 /* XCRemoteSwiftPackageReference "firebase-ios-sdk" */;
			productName = "FirebaseInAppMessaging-Beta";
		};
		CD93166C2AD6D081004F2868 /* FirebaseInAppMessagingSwift-Beta */ = {
			isa = XCSwiftPackageProductDependency;
			package = CD9316472AD6D081004F2868 /* XCRemoteSwiftPackageReference "firebase-ios-sdk" */;
			productName = "FirebaseInAppMessagingSwift-Beta";
		};
		CD93166E2AD6D081004F2868 /* FirebaseInstallations */ = {
			isa = XCSwiftPackageProductDependency;
			package = CD9316472AD6D081004F2868 /* XCRemoteSwiftPackageReference "firebase-ios-sdk" */;
			productName = FirebaseInstallations;
		};
		CD9316702AD6D081004F2868 /* FirebaseMLModelDownloader */ = {
			isa = XCSwiftPackageProductDependency;
			package = CD9316472AD6D081004F2868 /* XCRemoteSwiftPackageReference "firebase-ios-sdk" */;
			productName = FirebaseMLModelDownloader;
		};
		CD9316722AD6D081004F2868 /* FirebaseMessaging */ = {
			isa = XCSwiftPackageProductDependency;
			package = CD9316472AD6D081004F2868 /* XCRemoteSwiftPackageReference "firebase-ios-sdk" */;
			productName = FirebaseMessaging;
		};
		CD9316742AD6D081004F2868 /* FirebasePerformance */ = {
			isa = XCSwiftPackageProductDependency;
			package = CD9316472AD6D081004F2868 /* XCRemoteSwiftPackageReference "firebase-ios-sdk" */;
			productName = FirebasePerformance;
		};
		CD9316762AD6D081004F2868 /* FirebaseRemoteConfig */ = {
			isa = XCSwiftPackageProductDependency;
			package = CD9316472AD6D081004F2868 /* XCRemoteSwiftPackageReference "firebase-ios-sdk" */;
			productName = FirebaseRemoteConfig;
		};
		CD9316782AD6D081004F2868 /* FirebaseRemoteConfigSwift */ = {
			isa = XCSwiftPackageProductDependency;
			package = CD9316472AD6D081004F2868 /* XCRemoteSwiftPackageReference "firebase-ios-sdk" */;
			productName = FirebaseRemoteConfigSwift;
		};
		CD93167A2AD6D081004F2868 /* FirebaseStorage */ = {
			isa = XCSwiftPackageProductDependency;
			package = CD9316472AD6D081004F2868 /* XCRemoteSwiftPackageReference "firebase-ios-sdk" */;
			productName = FirebaseStorage;
		};
		CD93167C2AD6D081004F2868 /* FirebaseStorageCombine-Community */ = {
			isa = XCSwiftPackageProductDependency;
			package = CD9316472AD6D081004F2868 /* XCRemoteSwiftPackageReference "firebase-ios-sdk" */;
			productName = "FirebaseStorageCombine-Community";
		};
		CD9316912AD970B1004F2868 /* GoogleSignIn */ = {
			isa = XCSwiftPackageProductDependency;
			package = CD9316902AD970B1004F2868 /* XCRemoteSwiftPackageReference "GoogleSignIn-iOS" */;
			productName = GoogleSignIn;
		};
		CD9316932AD970B1004F2868 /* GoogleSignInSwift */ = {
			isa = XCSwiftPackageProductDependency;
			package = CD9316902AD970B1004F2868 /* XCRemoteSwiftPackageReference "GoogleSignIn-iOS" */;
			productName = GoogleSignInSwift;
		};
/* End XCSwiftPackageProductDependency section */
	};
	rootObject = CD93162B2AD6C985004F2868 /* Project object */;
}
